
Microsoft Visual Studio Solution File, Format Version 12.00
# Visual Studio Version 16
VisualStudioVersion = 16.0.30621.155
MinimumVisualStudioVersion = 10.0.40219.1
Project("{FAE04EC0-301F-11D3-BF4B-00C04F79EFBC}") = "ConsoleApp1", "ConsoleApp1\ConsoleApp1.csproj", "{39278997-F358-4BBC-96BF-26FE6FCBD90A}"
EndProject
Global
	GlobalSection(SolutionConfigurationPlatforms) = preSolution
		Debug|Any CPU = Debug|Any CPU
		Release|Any CPU = Release|Any CPU
	EndGlobalSection
	GlobalSection(ProjectConfigurationPlatforms) = postSolution
		{39278997-F358-4BBC-96BF-26FE6FCBD90A}.Debug|Any CPU.ActiveCfg = Debug|Any CPU
		{39278997-F358-4BBC-96BF-26FE6FCBD90A}.Debug|Any CPU.Build.0 = Debug|Any CPU
		{39278997-F358-4BBC-96BF-26FE6FCBD90A}.Release|Any CPU.ActiveCfg = Release|Any CPU
		{39278997-F358-4BBC-96BF-26FE6FCBD90A}.Release|Any CPU.Build.0 = Release|Any CPU
	EndGlobalSection
	GlobalSection(SolutionProperties) = preSolution
		HideSolutionNode = FALSE
	EndGlobalSection
	GlobalSection(ExtensibilityGlobals) = postSolution
		SolutionGuid = {94226A84-DB8F-4022-8108-6746E3B9ACCE}
	EndGlobalSection
EndGlobal
